
Microsoft Visual Studio Solution File, Format Version 12.00
# Visual Studio Version 17
VisualStudioVersion = 17.2.32516.85
MinimumVisualStudioVersion = 10.0.40219.1
Project("{9A19103F-16F7-4668-BE54-9A1E7A4F7556}") = "Aggregator.Domain", "src\Aggregator.Domain\Aggregator.Domain\Aggregator.Domain.csproj", "{F9DFEDB4-290A-40D1-8420-3584A33F7546}"
EndProject
Project("{9A19103F-16F7-4668-BE54-9A1E7A4F7556}") = "Aggregator.Console", "src\Aggregator.Console\Aggregator.Console.csproj", "{C8CB7259-7202-4018-B736-CC2CD0376C2D}"
EndProject
Project("{9A19103F-16F7-4668-BE54-9A1E7A4F7556}") = "Aggregator.BlazorServerApp", "src\Aggregator.BlazorServerApp\Aggregator.BlazorServerApp.csproj", "{20197803-3BDA-4955-8AB2-964C665BBB3E}"
EndProject
Global
	GlobalSection(SolutionConfigurationPlatforms) = preSolution
		Debug|Any CPU = Debug|Any CPU
		Release|Any CPU = Release|Any CPU
	EndGlobalSection
	GlobalSection(ProjectConfigurationPlatforms) = postSolution
		{F9DFEDB4-290A-40D1-8420-3584A33F7546}.Debug|Any CPU.ActiveCfg = Debug|Any CPU
		{F9DFEDB4-290A-40D1-8420-3584A33F7546}.Debug|Any CPU.Build.0 = Debug|Any CPU
		{F9DFEDB4-290A-40D1-8420-3584A33F7546}.Release|Any CPU.ActiveCfg = Release|Any CPU
		{F9DFEDB4-290A-40D1-8420-3584A33F7546}.Release|Any CPU.Build.0 = Release|Any CPU
		{C8CB7259-7202-4018-B736-CC2CD0376C2D}.Debug|Any CPU.ActiveCfg = Debug|Any CPU
		{C8CB7259-7202-4018-B736-CC2CD0376C2D}.Debug|Any CPU.Build.0 = Debug|Any CPU
		{C8CB7259-7202-4018-B736-CC2CD0376C2D}.Release|Any CPU.ActiveCfg = Release|Any CPU
		{C8CB7259-7202-4018-B736-CC2CD0376C2D}.Release|Any CPU.Build.0 = Release|Any CPU
		{20197803-3BDA-4955-8AB2-964C665BBB3E}.Debug|Any CPU.ActiveCfg = Debug|Any CPU
		{20197803-3BDA-4955-8AB2-964C665BBB3E}.Debug|Any CPU.Build.0 = Debug|Any CPU
		{20197803-3BDA-4955-8AB2-964C665BBB3E}.Release|Any CPU.ActiveCfg = Release|Any CPU
		{20197803-3BDA-4955-8AB2-964C665BBB3E}.Release|Any CPU.Build.0 = Release|Any CPU
	EndGlobalSection
	GlobalSection(SolutionProperties) = preSolution
		HideSolutionNode = FALSE
	EndGlobalSection
	GlobalSection(ExtensibilityGlobals) = postSolution
		SolutionGuid = {C48D9995-DA45-46C8-8263-D09A109FE1EF}
	EndGlobalSection
EndGlobal
